// !$*UTF8*$!
{
	archiveVersion = 1;
	classes = {
	};
	objectVersion = 46;
	objects = {

/* Begin PBXBuildFile section */
		FC3802EE1D6C93860068AC1B /* AppDelegate.swift in Sources */ = {isa = PBXBuildFile; fileRef = FC3802ED1D6C93860068AC1B /* AppDelegate.swift */; };
		FC3802F01D6C93860068AC1B /* ScrollableViewController.swift in Sources */ = {isa = PBXBuildFile; fileRef = FC3802EF1D6C93860068AC1B /* ScrollableViewController.swift */; };
		FC3802F31D6C93860068AC1B /* Main.storyboard in Resources */ = {isa = PBXBuildFile; fileRef = FC3802F11D6C93860068AC1B /* Main.storyboard */; };
		FC3802F51D6C93860068AC1B /* Assets.xcassets in Resources */ = {isa = PBXBuildFile; fileRef = FC3802F41D6C93860068AC1B /* Assets.xcassets */; };
		FC3802F81D6C93860068AC1B /* LaunchScreen.storyboard in Resources */ = {isa = PBXBuildFile; fileRef = FC3802F61D6C93860068AC1B /* LaunchScreen.storyboard */; };
		FC3803001D6C94820068AC1B /* TappableScrollView.swift in Sources */ = {isa = PBXBuildFile; fileRef = FC3802FF1D6C94820068AC1B /* TappableScrollView.swift */; };
/* End PBXBuildFile section */

/* Begin PBXFileReference section */
		FC3802EA1D6C93860068AC1B /* ScrollableViewControllerTemplate.app */ = {isa = PBXFileReference; explicitFileType = wrapper.application; includeInIndex = 0; path = ScrollableViewControllerTemplate.app; sourceTree = BUILT_PRODUCTS_DIR; };
		FC3802ED1D6C93860068AC1B /* AppDelegate.swift */ = {isa = PBXFileReference; lastKnownFileType = sourcecode.swift; path = AppDelegate.swift; sourceTree = "<group>"; };
		FC3802EF1D6C93860068AC1B /* ScrollableViewController.swift */ = {isa = PBXFileReference; lastKnownFileType = sourcecode.swift; path = ScrollableViewController.swift; sourceTree = "<group>"; };
		FC3802F21D6C93860068AC1B /* Base */ = {isa = PBXFileReference; lastKnownFileType = file.storyboard; name = Base; path = Base.lproj/Main.storyboard; sourceTree = "<group>"; };
		FC3802F41D6C93860068AC1B /* Assets.xcassets */ = {isa = PBXFileReference; lastKnownFileType = folder.assetcatalog; path = Assets.xcassets; sourceTree = "<group>"; };
		FC3802F71D6C93860068AC1B /* Base */ = {isa = PBXFileReference; lastKnownFileType = file.storyboard; name = Base; path = Base.lproj/LaunchScreen.storyboard; sourceTree = "<group>"; };
		FC3802F91D6C93860068AC1B /* Info.plist */ = {isa = PBXFileReference; lastKnownFileType = text.plist.xml; path = Info.plist; sourceTree = "<group>"; };
		FC3802FF1D6C94820068AC1B /* TappableScrollView.swift */ = {isa = PBXFileReference; fileEncoding = 4; lastKnownFileType = sourcecode.swift; path = TappableScrollView.swift; sourceTree = "<group>"; };
/* End PBXFileReference section */

/* Begin PBXFrameworksBuildPhase section */
		FC3802E71D6C93860068AC1B /* Frameworks */ = {
			isa = PBXFrameworksBuildPhase;
			buildActionMask = 2147483647;
			files = (
			);
			runOnlyForDeploymentPostprocessing = 0;
		};
/* End PBXFrameworksBuildPhase section */

/* Begin PBXGroup section */
		FC3802E11D6C93860068AC1B = {
			isa = PBXGroup;
			children = (
				FC3802EC1D6C93860068AC1B /* ScrollableViewControllerTemplate */,
				FC3802EB1D6C93860068AC1B /* Products */,
			);
			sourceTree = "<group>";
		};
		FC3802EB1D6C93860068AC1B /* Products */ = {
			isa = PBXGroup;
			children = (
				FC3802EA1D6C93860068AC1B /* ScrollableViewControllerTemplate.app */,
			);
			name = Products;
			sourceTree = "<group>";
		};
		FC3802EC1D6C93860068AC1B /* ScrollableViewControllerTemplate */ = {
			isa = PBXGroup;
			children = (
				FC3802ED1D6C93860068AC1B /* AppDelegate.swift */,
				FC3802EF1D6C93860068AC1B /* ScrollableViewController.swift */,
				FC3802FF1D6C94820068AC1B /* TappableScrollView.swift */,
				FC3802F11D6C93860068AC1B /* Main.storyboard */,
				FC3802F41D6C93860068AC1B /* Assets.xcassets */,
				FC3802F61D6C93860068AC1B /* LaunchScreen.storyboard */,
				FC3802F91D6C93860068AC1B /* Info.plist */,
			);
			path = ScrollableViewControllerTemplate;
			sourceTree = "<group>";
		};
/* End PBXGroup section */

/* Begin PBXNativeTarget section */
		FC3802E91D6C93860068AC1B /* ScrollableViewControllerTemplate */ = {
			isa = PBXNativeTarget;
			buildConfigurationList = FC3802FC1D6C93860068AC1B /* Build configuration list for PBXNativeTarget "ScrollableViewControllerTemplate" */;
			buildPhases = (
				FC3802E61D6C93860068AC1B /* Sources */,
				FC3802E71D6C93860068AC1B /* Frameworks */,
				FC3802E81D6C93860068AC1B /* Resources */,
			);
			buildRules = (
			);
			dependencies = (
			);
			name = ScrollableViewControllerTemplate;
			productName = ScrollableViewControllerTemplate;
			productReference = FC3802EA1D6C93860068AC1B /* ScrollableViewControllerTemplate.app */;
			productType = "com.apple.product-type.application";
		};
/* End PBXNativeTarget section */

/* Begin PBXProject section */
		FC3802E21D6C93860068AC1B /* Project object */ = {
			isa = PBXProject;
			attributes = {
				LastSwiftUpdateCheck = 0730;
				LastUpgradeCheck = 0730;
				ORGANIZATIONNAME = HanekeDesign;
				TargetAttributes = {
					FC3802E91D6C93860068AC1B = {
						CreatedOnToolsVersion = 7.3.1;
					};
				};
			};
			buildConfigurationList = FC3802E51D6C93860068AC1B /* Build configuration list for PBXProject "ScrollableViewControllerTemplate" */;
			compatibilityVersion = "Xcode 3.2";
			developmentRegion = English;
			hasScannedForEncodings = 0;
			knownRegions = (
				en,
				Base,
			);
			mainGroup = FC3802E11D6C93860068AC1B;
			productRefGroup = FC3802EB1D6C93860068AC1B /* Products */;
			projectDirPath = "";
			projectRoot = "";
			targets = (
				FC3802E91D6C93860068AC1B /* ScrollableViewControllerTemplate */,
			);
		};
/* End PBXProject section */

/* Begin PBXResourcesBuildPhase section */
		FC3802E81D6C93860068AC1B /* Resources */ = {
			isa = PBXResourcesBuildPhase;
			buildActionMask = 2147483647;
			files = (
				FC3802F81D6C93860068AC1B /* LaunchScreen.storyboard in Resources */,
				FC3802F51D6C93860068AC1B /* Assets.xcassets in Resources */,
				FC3802F31D6C93860068AC1B /* Main.storyboard in Resources */,
			);
			runOnlyForDeploymentPostprocessing = 0;
		};
/* End PBXResourcesBuildPhase section */

/* Begin PBXSourcesBuildPhase section */
		FC3802E61D6C93860068AC1B /* Sources */ = {
			isa = PBXSourcesBuildPhase;
			buildActionMask = 2147483647;
			files = (
				FC3802F01D6C93860068AC1B /* ScrollableViewController.swift in Sources */,
				FC3802EE1D6C93860068AC1B /* AppDelegate.swift in Sources */,
				FC3803001D6C94820068AC1B /* TappableScrollView.swift in Sources */,
			);
			runOnlyForDeploymentPostprocessing = 0;
		};
/* End PBXSourcesBuildPhase section */

/* Begin PBXVariantGroup section */
		FC3802F11D6C93860068AC1B /* Main.storyboard */ = {
			isa = PBXVariantGroup;
			children = (
				FC3802F21D6C93860068AC1B /* Base */,
			);
			name = Main.storyboard;
			sourceTree = "<group>";
		};
		FC3802F61D6C93860068AC1B /* LaunchScreen.storyboard */ = {
			isa = PBXVariantGroup;
			children = (
				FC3802F71D6C93860068AC1B /* Base */,
			);
			name = LaunchScreen.storyboard;
			sourceTree = "<group>";
		};
/* End PBXVariantGroup section */

/* Begin XCBuildConfiguration section */
		FC3802FA1D6C93860068AC1B /* Debug */ = {
			isa = XCBuildConfiguration;
			buildSettings = {
				ALWAYS_SEARCH_USER_PATHS = NO;
				CLANG_ANALYZER_NONNULL = YES;
				CLANG_CXX_LANGUAGE_STANDARD = "gnu++0x";
				CLANG_CXX_LIBRARY = "libc++";
				CLANG_ENABLE_MODULES = YES;
				CLANG_ENABLE_OBJC_ARC = YES;
				CLANG_WARN_BOOL_CONVERSION = YES;
				CLANG_WARN_CONSTANT_CONVERSION = YES;
				CLANG_WARN_DIRECT_OBJC_ISA_USAGE = YES_ERROR;
				CLANG_WARN_EMPTY_BODY = YES;
				CLANG_WARN_ENUM_CONVERSION = YES;
				CLANG_WARN_INT_CONVERSION = YES;
				CLANG_WARN_OBJC_ROOT_CLASS = YES_ERROR;
				CLANG_WARN_UNREACHABLE_CODE = YES;
				CLANG_WARN__DUPLICATE_METHOD_MATCH = YES;
				"CODE_SIGN_IDENTITY[sdk=iphoneos*]" = "iPhone Developer";
				COPY_PHASE_STRIP = NO;
				DEBUG_INFORMATION_FORMAT = dwarf;
				ENABLE_STRICT_OBJC_MSGSEND = YES;
				ENABLE_TESTABILITY = YES;
				GCC_C_LANGUAGE_STANDARD = gnu99;
				GCC_DYNAMIC_NO_PIC = NO;
				GCC_NO_COMMON_BLOCKS = YES;
				GCC_OPTIMIZATION_LEVEL = 0;
				GCC_PREPROCESSOR_DEFINITIONS = (
					"DEBUG=1",
					"$(inherited)",
				);
				GCC_WARN_64_TO_32_BIT_CONVERSION = YES;
				GCC_WARN_ABOUT_RETURN_TYPE = YES_ERROR;
				GCC_WARN_UNDECLARED_SELECTOR = YES;
				GCC_WARN_UNINITIALIZED_AUTOS = YES_AGGRESSIVE;
				GCC_WARN_UNUSED_FUNCTION = YES;
				GCC_WARN_UNUSED_VARIABLE = YES;
				IPHONEOS_DEPLOYMENT_TARGET = 9.3;
				MTL_ENABLE_DEBUG_INFO = YES;
				ONLY_ACTIVE_ARCH = YES;
				SDKROOT = iphoneos;
				SWIFT_OPTIMIZATION_LEVEL = "-Onone";
				TARGETED_DEVICE_FAMILY = "1,2";
			};
			name = Debug;
		};
		FC3802FB1D6C93860068AC1B /* Release */ = {
			isa = XCBuildConfiguration;
			buildSettings = {
				ALWAYS_SEARCH_USER_PATHS = NO;
				CLANG_ANALYZER_NONNULL = YES;
				CLANG_CXX_LANGUAGE_STANDARD = "gnu++0x";
				CLANG_CXX_LIBRARY = "libc++";
				CLANG_ENABLE_MODULES = YES;
				CLANG_ENABLE_OBJC_ARC = YES;
				CLANG_WARN_BOOL_CONVERSION = YES;
				CLANG_WARN_CONSTANT_CONVERSION = YES;
				CLANG_WARN_DIRECT_OBJC_ISA_USAGE = YES_ERROR;
				CLANG_WARN_EMPTY_BODY = YES;
				CLANG_WARN_ENUM_CONVERSION = YES;
				CLANG_WARN_INT_CONVERSION = YES;
				CLANG_WARN_OBJC_ROOT_CLASS = YES_ERROR;
				CLANG_WARN_UNREACHABLE_CODE = YES;
				CLANG_WARN__DUPLICATE_METHOD_MATCH = YES;
				"CODE_SIGN_IDENTITY[sdk=iphoneos*]" = "iPhone Developer";
				COPY_PHASE_STRIP = NO;
				DEBUG_INFORMATION_FORMAT = "dwarf-with-dsym";
				ENABLE_NS_ASSERTIONS = NO;
				ENABLE_STRICT_OBJC_MSGSEND = YES;
				GCC_C_LANGUAGE_STANDARD = gnu99;
				GCC_NO_COMMON_BLOCKS = YES;
				GCC_WARN_64_TO_32_BIT_CONVERSION = YES;
				GCC_WARN_ABOUT_RETURN_TYPE = YES_ERROR;
				GCC_WARN_UNDECLARED_SELECTOR = YES;
				GCC_WARN_UNINITIALIZED_AUTOS = YES_AGGRESSIVE;
				GCC_WARN_UNUSED_FUNCTION = YES;
				GCC_WARN_UNUSED_VARIABLE = YES;
				IPHONEOS_DEPLOYMENT_TARGET = 9.3;
				MTL_ENABLE_DEBUG_INFO = NO;
				SDKROOT = iphoneos;
				TARGETED_DEVICE_FAMILY = "1,2";
				VALIDATE_PRODUCT = YES;
			};
			name = Release;
		};
		FC3802FD1D6C93860068AC1B /* Debug */ = {
			isa = XCBuildConfiguration;
			buildSettings = {
				ASSETCATALOG_COMPILER_APPICON_NAME = AppIcon;
				INFOPLIST_FILE = ScrollableViewControllerTemplate/Info.plist;
				LD_RUNPATH_SEARCH_PATHS = "$(inherited) @executable_path/Frameworks";
				PRODUCT_BUNDLE_IDENTIFIER = com.hanekedesign.ScrollableViewControllerTemplate;
				PRODUCT_NAME = "$(TARGET_NAME)";
			};
			name = Debug;
		};
		FC3802FE1D6C93860068AC1B /* Release */ = {
			isa = XCBuildConfiguration;
			buildSettings = {
				ASSETCATALOG_COMPILER_APPICON_NAME = AppIcon;
				INFOPLIST_FILE = ScrollableViewControllerTemplate/Info.plist;
				LD_RUNPATH_SEARCH_PATHS = "$(inherited) @executable_path/Frameworks";
				PRODUCT_BUNDLE_IDENTIFIER = com.hanekedesign.ScrollableViewControllerTemplate;
				PRODUCT_NAME = "$(TARGET_NAME)";
			};
			name = Release;
		};
/* End XCBuildConfiguration section */

/* Begin XCConfigurationList section */
		FC3802E51D6C93860068AC1B /* Build configuration list for PBXProject "ScrollableViewControllerTemplate" */ = {
			isa = XCConfigurationList;
			buildConfigurations = (
				FC3802FA1D6C93860068AC1B /* Debug */,
				FC3802FB1D6C93860068AC1B /* Release */,
			);
			defaultConfigurationIsVisible = 0;
			defaultConfigurationName = Release;
		};
		FC3802FC1D6C93860068AC1B /* Build configuration list for PBXNativeTarget "ScrollableViewControllerTemplate" */ = {
			isa = XCConfigurationList;
			buildConfigurations = (
				FC3802FD1D6C93860068AC1B /* Debug */,
				FC3802FE1D6C93860068AC1B /* Release */,
			);
			defaultConfigurationIsVisible = 0;
		};
/* End XCConfigurationList section */
	};
	rootObject = FC3802E21D6C93860068AC1B /* Project object */;
}
